
Microsoft Visual Studio Solution File, Format Version 12.00
# Visual Studio Version 17
VisualStudioVersion = 17.2.32630.192
MinimumVisualStudioVersion = 10.0.40219.1
Project("{FAE04EC0-301F-11D3-BF4B-00C04F79EFBC}") = "DemakVenturesPOSSoftware", "DemakVenturesPOSSoftware\DemakVenturesPOSSoftware.csproj", "{785D520B-5F8D-4359-BF78-4E9B07EFB337}"
EndProject
Global
	GlobalSection(SolutionConfigurationPlatforms) = preSolution
		Debug|Any CPU = Debug|Any CPU
		Release|Any CPU = Release|Any CPU
	EndGlobalSection
	GlobalSection(ProjectConfigurationPlatforms) = postSolution
		{785D520B-5F8D-4359-BF78-4E9B07EFB337}.Debug|Any CPU.ActiveCfg = Debug|Any CPU
		{785D520B-5F8D-4359-BF78-4E9B07EFB337}.Debug|Any CPU.Build.0 = Debug|Any CPU
		{785D520B-5F8D-4359-BF78-4E9B07EFB337}.Release|Any CPU.ActiveCfg = Release|Any CPU
		{785D520B-5F8D-4359-BF78-4E9B07EFB337}.Release|Any CPU.Build.0 = Release|Any CPU
	EndGlobalSection
	GlobalSection(SolutionProperties) = preSolution
		HideSolutionNode = FALSE
	EndGlobalSection
	GlobalSection(ExtensibilityGlobals) = postSolution
		SolutionGuid = {939A3471-17FF-4BCC-8F89-5A5755223222}
	EndGlobalSection
EndGlobal
